
Microsoft Visual Studio Solution File, Format Version 12.00
# Visual Studio 15
VisualStudioVersion = 15.0.28307.271
MinimumVisualStudioVersion = 10.0.40219.1
Project("{2150E333-8FDC-42A3-9474-1A3956D46DE8}") = "Ders1", "Ders1", "{5821057F-79E4-45EE-8416-2790BAEC4332}"
EndProject
Project("{FAE04EC0-301F-11D3-BF4B-00C04F79EFBC}") = "IlkMvcSayfam", "IlkMvcSayfam\IlkMvcSayfam.csproj", "{A391901D-5AAF-44BE-AA19-27C1B39BBBFD}"
EndProject
Project("{2150E333-8FDC-42A3-9474-1A3956D46DE8}") = "Ders2", "Ders2", "{D37B5EB8-6D10-4572-B89C-F1C9B19688EC}"
EndProject
Project("{FAE04EC0-301F-11D3-BF4B-00C04F79EFBC}") = "AjaxIslemler", "AjaxIslemler\AjaxIslemler.csproj", "{BDD8B8D3-6567-42B9-848B-5F51C8A0EBBE}"
EndProject
Project("{2150E333-8FDC-42A3-9474-1A3956D46DE8}") = "Ders3", "Ders3", "{4DE6B476-8FF4-4DDE-B267-B4CA2A432982}"
EndProject
Project("{2150E333-8FDC-42A3-9474-1A3956D46DE8}") = "Tema", "Tema", "{F5A3574D-06BB-480F-A67C-D4F5D25FA5B2}"
EndProject
Project("{2150E333-8FDC-42A3-9474-1A3956D46DE8}") = "Proje", "Proje", "{9A4D4821-CE2A-4B79-87B4-D188F4397F59}"
EndProject
Project("{FAE04EC0-301F-11D3-BF4B-00C04F79EFBC}") = "Admin.Tema", "Admin.Tema\Admin.Tema.csproj", "{93E5DA31-1325-448E-9AF0-A591A09765DC}"
EndProject
Project("{FAE04EC0-301F-11D3-BF4B-00C04F79EFBC}") = "Admin.Web.UI", "Admin.Web.UI\Admin.Web.UI.csproj", "{C0AC3967-DBE3-4618-9609-F940EC91F682}"
EndProject
Project("{FAE04EC0-301F-11D3-BF4B-00C04F79EFBC}") = "Admin.Models", "Admin.Models\Admin.Models.csproj", "{DDB262FB-0E69-4C0B-A6C6-C03F952D3914}"
EndProject
Project("{FAE04EC0-301F-11D3-BF4B-00C04F79EFBC}") = "Admin.DAL", "Admin.DAL\Admin.DAL.csproj", "{D2294867-E3BE-4111-A934-3BB4B9099553}"
EndProject
Project("{FAE04EC0-301F-11D3-BF4B-00C04F79EFBC}") = "Admin.BLL", "Admin.BLL\Admin.BLL.csproj", "{DAC4B630-9BD7-4E8E-BB70-EAB384297AF6}"
EndProject
Global
	GlobalSection(SolutionConfigurationPlatforms) = preSolution
		Debug|Any CPU = Debug|Any CPU
		Release|Any CPU = Release|Any CPU
	EndGlobalSection
	GlobalSection(ProjectConfigurationPlatforms) = postSolution
		{A391901D-5AAF-44BE-AA19-27C1B39BBBFD}.Debug|Any CPU.ActiveCfg = Debug|Any CPU
		{A391901D-5AAF-44BE-AA19-27C1B39BBBFD}.Debug|Any CPU.Build.0 = Debug|Any CPU
		{A391901D-5AAF-44BE-AA19-27C1B39BBBFD}.Release|Any CPU.ActiveCfg = Release|Any CPU
		{A391901D-5AAF-44BE-AA19-27C1B39BBBFD}.Release|Any CPU.Build.0 = Release|Any CPU
		{BDD8B8D3-6567-42B9-848B-5F51C8A0EBBE}.Debug|Any CPU.ActiveCfg = Debug|Any CPU
		{BDD8B8D3-6567-42B9-848B-5F51C8A0EBBE}.Debug|Any CPU.Build.0 = Debug|Any CPU
		{BDD8B8D3-6567-42B9-848B-5F51C8A0EBBE}.Release|Any CPU.ActiveCfg = Release|Any CPU
		{BDD8B8D3-6567-42B9-848B-5F51C8A0EBBE}.Release|Any CPU.Build.0 = Release|Any CPU
		{93E5DA31-1325-448E-9AF0-A591A09765DC}.Debug|Any CPU.ActiveCfg = Debug|Any CPU
		{93E5DA31-1325-448E-9AF0-A591A09765DC}.Debug|Any CPU.Build.0 = Debug|Any CPU
		{93E5DA31-1325-448E-9AF0-A591A09765DC}.Release|Any CPU.ActiveCfg = Release|Any CPU
		{93E5DA31-1325-448E-9AF0-A591A09765DC}.Release|Any CPU.Build.0 = Release|Any CPU
		{C0AC3967-DBE3-4618-9609-F940EC91F682}.Debug|Any CPU.ActiveCfg = Debug|Any CPU
		{C0AC3967-DBE3-4618-9609-F940EC91F682}.Debug|Any CPU.Build.0 = Debug|Any CPU
		{C0AC3967-DBE3-4618-9609-F940EC91F682}.Release|Any CPU.ActiveCfg = Release|Any CPU
		{C0AC3967-DBE3-4618-9609-F940EC91F682}.Release|Any CPU.Build.0 = Release|Any CPU
		{DDB262FB-0E69-4C0B-A6C6-C03F952D3914}.Debug|Any CPU.ActiveCfg = Debug|Any CPU
		{DDB262FB-0E69-4C0B-A6C6-C03F952D3914}.Debug|Any CPU.Build.0 = Debug|Any CPU
		{DDB262FB-0E69-4C0B-A6C6-C03F952D3914}.Release|Any CPU.ActiveCfg = Release|Any CPU
		{DDB262FB-0E69-4C0B-A6C6-C03F952D3914}.Release|Any CPU.Build.0 = Release|Any CPU
		{D2294867-E3BE-4111-A934-3BB4B9099553}.Debug|Any CPU.ActiveCfg = Debug|Any CPU
		{D2294867-E3BE-4111-A934-3BB4B9099553}.Debug|Any CPU.Build.0 = Debug|Any CPU
		{D2294867-E3BE-4111-A934-3BB4B9099553}.Release|Any CPU.ActiveCfg = Release|Any CPU
		{D2294867-E3BE-4111-A934-3BB4B9099553}.Release|Any CPU.Build.0 = Release|Any CPU
		{DAC4B630-9BD7-4E8E-BB70-EAB384297AF6}.Debug|Any CPU.ActiveCfg = Debug|Any CPU
		{DAC4B630-9BD7-4E8E-BB70-EAB384297AF6}.Debug|Any CPU.Build.0 = Debug|Any CPU
		{DAC4B630-9BD7-4E8E-BB70-EAB384297AF6}.Release|Any CPU.ActiveCfg = Release|Any CPU
		{DAC4B630-9BD7-4E8E-BB70-EAB384297AF6}.Release|Any CPU.Build.0 = Release|Any CPU
	EndGlobalSection
	GlobalSection(SolutionProperties) = preSolution
		HideSolutionNode = FALSE
	EndGlobalSection
	GlobalSection(NestedProjects) = preSolution
		{A391901D-5AAF-44BE-AA19-27C1B39BBBFD} = {5821057F-79E4-45EE-8416-2790BAEC4332}
		{BDD8B8D3-6567-42B9-848B-5F51C8A0EBBE} = {D37B5EB8-6D10-4572-B89C-F1C9B19688EC}
		{F5A3574D-06BB-480F-A67C-D4F5D25FA5B2} = {4DE6B476-8FF4-4DDE-B267-B4CA2A432982}
		{9A4D4821-CE2A-4B79-87B4-D188F4397F59} = {4DE6B476-8FF4-4DDE-B267-B4CA2A432982}
		{93E5DA31-1325-448E-9AF0-A591A09765DC} = {F5A3574D-06BB-480F-A67C-D4F5D25FA5B2}
		{C0AC3967-DBE3-4618-9609-F940EC91F682} = {9A4D4821-CE2A-4B79-87B4-D188F4397F59}
		{DDB262FB-0E69-4C0B-A6C6-C03F952D3914} = {9A4D4821-CE2A-4B79-87B4-D188F4397F59}
		{D2294867-E3BE-4111-A934-3BB4B9099553} = {9A4D4821-CE2A-4B79-87B4-D188F4397F59}
		{DAC4B630-9BD7-4E8E-BB70-EAB384297AF6} = {9A4D4821-CE2A-4B79-87B4-D188F4397F59}
	EndGlobalSection
	GlobalSection(ExtensibilityGlobals) = postSolution
		SolutionGuid = {E442A7B4-E887-40FA-858E-0EFA10D326E8}
	EndGlobalSection
EndGlobal
