
Microsoft Visual Studio Solution File, Format Version 12.00
# Visual Studio 15
VisualStudioVersion = 15.0.28307.271
MinimumVisualStudioVersion = 10.0.40219.1
Project("{2150E333-8FDC-42A3-9474-1A3956D46DE8}") = "Ders1", "Ders1", "{5821057F-79E4-45EE-8416-2790BAEC4332}"
EndProject
Project("{FAE04EC0-301F-11D3-BF4B-00C04F79EFBC}") = "IlkMvcSayfam", "IlkMvcSayfam\IlkMvcSayfam.csproj", "{A391901D-5AAF-44BE-AA19-27C1B39BBBFD}"
EndProject
Project("{2150E333-8FDC-42A3-9474-1A3956D46DE8}") = "Ders2", "Ders2", "{D37B5EB8-6D10-4572-B89C-F1C9B19688EC}"
EndProject
Project("{FAE04EC0-301F-11D3-BF4B-00C04F79EFBC}") = "AjaxIslemler", "AjaxIslemler\AjaxIslemler.csproj", "{BDD8B8D3-6567-42B9-848B-5F51C8A0EBBE}"
EndProject
Project("{2150E333-8FDC-42A3-9474-1A3956D46DE8}") = "Ders3", "Ders3", "{4DE6B476-8FF4-4DDE-B267-B4CA2A432982}"
EndProject
Project("{2150E333-8FDC-42A3-9474-1A3956D46DE8}") = "Tema", "Tema", "{F5A3574D-06BB-480F-A67C-D4F5D25FA5B2}"
EndProject
Project("{2150E333-8FDC-42A3-9474-1A3956D46DE8}") = "Proje", "Proje", "{9A4D4821-CE2A-4B79-87B4-D188F4397F59}"
EndProject
Project("{FAE04EC0-301F-11D3-BF4B-00C04F79EFBC}") = "Admin.Tema", "Admin.Tema\Admin.Tema.csproj", "{93E5DA31-1325-448E-9AF0-A591A09765DC}"
EndProject
Project("{FAE04EC0-301F-11D3-BF4B-00C04F79EFBC}") = "Admin.Web.UI", "Admin.Web.UI\Admin.Web.UI.csproj", "{C0AC3967-DBE3-4618-9609-F940EC91F682}"
EndProject
Project("{FAE04EC0-301F-11D3-BF4B-00C04F79EFBC}") = "Admin.Models", "Admin.Models\Admin.Models.csproj", "{DDB262FB-0E69-4C0B-A6C6-C03F952D3914}"
EndProject
Project("{FAE04EC0-301F-11D3-BF4B-00C04F79EFBC}") = "Admin.DAL", "Admin.DAL\Admin.DAL.csproj", "{D2294867-E3BE-4111-A934-3BB4B9099553}"
EndProject
Project("{FAE04EC0-301F-11D3-BF4B-00C04F79EFBC}") = "Admin.BLL", "Admin.BLL\Admin.BLL.csproj", "{DAC4B630-9BD7-4E8E-BB70-EAB384297AF6}"
EndProject
Project("{2150E333-8FDC-42A3-9474-1A3956D46DE8}") = "Ders4", "Ders4", "{64ADFEB0-6E98-4ED5-A4F7-272DB3497C88}"
EndProject
Project("{FAE04EC0-301F-11D3-BF4B-00C04F79EFBC}") = "Kuzey.DAL", "Kuzey.DAL\Kuzey.DAL.csproj", "{89490AA0-A1E4-4A29-8F2C-49213980024F}"
EndProject
Project("{FAE04EC0-301F-11D3-BF4B-00C04F79EFBC}") = "Kuzey.Models", "Kuzey.Models\Kuzey.Models.csproj", "{D7380820-2B27-4521-8F4E-2284F305C0B4}"
EndProject
Project("{FAE04EC0-301F-11D3-BF4B-00C04F79EFBC}") = "Kuzey.BLL", "Kuzey.BLL\Kuzey.BLL.csproj", "{F01DB7EF-52AB-4AEA-A76A-7AD068EB548D}"
EndProject
Project("{FAE04EC0-301F-11D3-BF4B-00C04F79EFBC}") = "Kuzey.Web", "Kuzey.Web\Kuzey.Web.csproj", "{0F527ADA-8646-47B1-8F00-9604F0C3E881}"
EndProject
Project("{2150E333-8FDC-42A3-9474-1A3956D46DE8}") = "Ders5", "Ders5", "{B44F6C81-6713-4A8D-8836-4806C25539E2}"
EndProject
Project("{FAE04EC0-301F-11D3-BF4B-00C04F79EFBC}") = "AreaKullanimi", "AreaKullanimi\AreaKullanimi.csproj", "{CEA2C865-EE9B-4BD1-9F8E-690E7EE38B6F}"
EndProject
Project("{2150E333-8FDC-42A3-9474-1A3956D46DE8}") = "Ders6", "Ders6", "{9149C937-C78D-4D67-B8C9-0BE69D8ABD0F}"
EndProject
Project("{FAE04EC0-301F-11D3-BF4B-00C04F79EFBC}") = "WebApiAngularJs", "WebApiAngularJs\WebApiAngularJs.csproj", "{ABF6F98A-B9B7-4FEF-A286-75A027482A2E}"
EndProject
Project("{2150E333-8FDC-42A3-9474-1A3956D46DE8}") = "Ders7", "Ders7", "{220AC19C-7208-4BA6-A03C-190507DDC5EC}"
EndProject
Project("{FAE04EC0-301F-11D3-BF4B-00C04F79EFBC}") = "SignalRApp", "SignalRApp\SignalRApp.csproj", "{237EFEE2-57C8-474D-BDAC-80C74E3CA63E}"
EndProject
Project("{FAE04EC0-301F-11D3-BF4B-00C04F79EFBC}") = "DevexOdata", "DevexOdata\DevexOdata.csproj", "{3F8E4DDD-4A19-49F7-8A2A-925142343A9B}"
EndProject
Project("{2150E333-8FDC-42A3-9474-1A3956D46DE8}") = "Ders8", "Ders8", "{6EA2C2E1-B727-470D-B351-6EE343AB65F6}"
EndProject
Global
	GlobalSection(SolutionConfigurationPlatforms) = preSolution
		Debug|Any CPU = Debug|Any CPU
		Release|Any CPU = Release|Any CPU
	EndGlobalSection
	GlobalSection(ProjectConfigurationPlatforms) = postSolution
		{A391901D-5AAF-44BE-AA19-27C1B39BBBFD}.Debug|Any CPU.ActiveCfg = Debug|Any CPU
		{A391901D-5AAF-44BE-AA19-27C1B39BBBFD}.Debug|Any CPU.Build.0 = Debug|Any CPU
		{A391901D-5AAF-44BE-AA19-27C1B39BBBFD}.Release|Any CPU.ActiveCfg = Release|Any CPU
		{A391901D-5AAF-44BE-AA19-27C1B39BBBFD}.Release|Any CPU.Build.0 = Release|Any CPU
		{BDD8B8D3-6567-42B9-848B-5F51C8A0EBBE}.Debug|Any CPU.ActiveCfg = Debug|Any CPU
		{BDD8B8D3-6567-42B9-848B-5F51C8A0EBBE}.Debug|Any CPU.Build.0 = Debug|Any CPU
		{BDD8B8D3-6567-42B9-848B-5F51C8A0EBBE}.Release|Any CPU.ActiveCfg = Release|Any CPU
		{BDD8B8D3-6567-42B9-848B-5F51C8A0EBBE}.Release|Any CPU.Build.0 = Release|Any CPU
		{93E5DA31-1325-448E-9AF0-A591A09765DC}.Debug|Any CPU.ActiveCfg = Debug|Any CPU
		{93E5DA31-1325-448E-9AF0-A591A09765DC}.Debug|Any CPU.Build.0 = Debug|Any CPU
		{93E5DA31-1325-448E-9AF0-A591A09765DC}.Release|Any CPU.ActiveCfg = Release|Any CPU
		{93E5DA31-1325-448E-9AF0-A591A09765DC}.Release|Any CPU.Build.0 = Release|Any CPU
		{C0AC3967-DBE3-4618-9609-F940EC91F682}.Debug|Any CPU.ActiveCfg = Debug|Any CPU
		{C0AC3967-DBE3-4618-9609-F940EC91F682}.Debug|Any CPU.Build.0 = Debug|Any CPU
		{C0AC3967-DBE3-4618-9609-F940EC91F682}.Release|Any CPU.ActiveCfg = Release|Any CPU
		{C0AC3967-DBE3-4618-9609-F940EC91F682}.Release|Any CPU.Build.0 = Release|Any CPU
		{DDB262FB-0E69-4C0B-A6C6-C03F952D3914}.Debug|Any CPU.ActiveCfg = Debug|Any CPU
		{DDB262FB-0E69-4C0B-A6C6-C03F952D3914}.Debug|Any CPU.Build.0 = Debug|Any CPU
		{DDB262FB-0E69-4C0B-A6C6-C03F952D3914}.Release|Any CPU.ActiveCfg = Release|Any CPU
		{DDB262FB-0E69-4C0B-A6C6-C03F952D3914}.Release|Any CPU.Build.0 = Release|Any CPU
		{D2294867-E3BE-4111-A934-3BB4B9099553}.Debug|Any CPU.ActiveCfg = Debug|Any CPU
		{D2294867-E3BE-4111-A934-3BB4B9099553}.Debug|Any CPU.Build.0 = Debug|Any CPU
		{D2294867-E3BE-4111-A934-3BB4B9099553}.Release|Any CPU.ActiveCfg = Release|Any CPU
		{D2294867-E3BE-4111-A934-3BB4B9099553}.Release|Any CPU.Build.0 = Release|Any CPU
		{DAC4B630-9BD7-4E8E-BB70-EAB384297AF6}.Debug|Any CPU.ActiveCfg = Debug|Any CPU
		{DAC4B630-9BD7-4E8E-BB70-EAB384297AF6}.Debug|Any CPU.Build.0 = Debug|Any CPU
		{DAC4B630-9BD7-4E8E-BB70-EAB384297AF6}.Release|Any CPU.ActiveCfg = Release|Any CPU
		{DAC4B630-9BD7-4E8E-BB70-EAB384297AF6}.Release|Any CPU.Build.0 = Release|Any CPU
		{89490AA0-A1E4-4A29-8F2C-49213980024F}.Debug|Any CPU.ActiveCfg = Debug|Any CPU
		{89490AA0-A1E4-4A29-8F2C-49213980024F}.Debug|Any CPU.Build.0 = Debug|Any CPU
		{89490AA0-A1E4-4A29-8F2C-49213980024F}.Release|Any CPU.ActiveCfg = Release|Any CPU
		{89490AA0-A1E4-4A29-8F2C-49213980024F}.Release|Any CPU.Build.0 = Release|Any CPU
		{D7380820-2B27-4521-8F4E-2284F305C0B4}.Debug|Any CPU.ActiveCfg = Debug|Any CPU
		{D7380820-2B27-4521-8F4E-2284F305C0B4}.Debug|Any CPU.Build.0 = Debug|Any CPU
		{D7380820-2B27-4521-8F4E-2284F305C0B4}.Release|Any CPU.ActiveCfg = Release|Any CPU
		{D7380820-2B27-4521-8F4E-2284F305C0B4}.Release|Any CPU.Build.0 = Release|Any CPU
		{F01DB7EF-52AB-4AEA-A76A-7AD068EB548D}.Debug|Any CPU.ActiveCfg = Debug|Any CPU
		{F01DB7EF-52AB-4AEA-A76A-7AD068EB548D}.Debug|Any CPU.Build.0 = Debug|Any CPU
		{F01DB7EF-52AB-4AEA-A76A-7AD068EB548D}.Release|Any CPU.ActiveCfg = Release|Any CPU
		{F01DB7EF-52AB-4AEA-A76A-7AD068EB548D}.Release|Any CPU.Build.0 = Release|Any CPU
		{0F527ADA-8646-47B1-8F00-9604F0C3E881}.Debug|Any CPU.ActiveCfg = Debug|Any CPU
		{0F527ADA-8646-47B1-8F00-9604F0C3E881}.Debug|Any CPU.Build.0 = Debug|Any CPU
		{0F527ADA-8646-47B1-8F00-9604F0C3E881}.Release|Any CPU.ActiveCfg = Release|Any CPU
		{0F527ADA-8646-47B1-8F00-9604F0C3E881}.Release|Any CPU.Build.0 = Release|Any CPU
		{CEA2C865-EE9B-4BD1-9F8E-690E7EE38B6F}.Debug|Any CPU.ActiveCfg = Debug|Any CPU
		{CEA2C865-EE9B-4BD1-9F8E-690E7EE38B6F}.Debug|Any CPU.Build.0 = Debug|Any CPU
		{CEA2C865-EE9B-4BD1-9F8E-690E7EE38B6F}.Release|Any CPU.ActiveCfg = Release|Any CPU
		{CEA2C865-EE9B-4BD1-9F8E-690E7EE38B6F}.Release|Any CPU.Build.0 = Release|Any CPU
		{ABF6F98A-B9B7-4FEF-A286-75A027482A2E}.Debug|Any CPU.ActiveCfg = Debug|Any CPU
		{ABF6F98A-B9B7-4FEF-A286-75A027482A2E}.Debug|Any CPU.Build.0 = Debug|Any CPU
		{ABF6F98A-B9B7-4FEF-A286-75A027482A2E}.Release|Any CPU.ActiveCfg = Release|Any CPU
		{ABF6F98A-B9B7-4FEF-A286-75A027482A2E}.Release|Any CPU.Build.0 = Release|Any CPU
		{237EFEE2-57C8-474D-BDAC-80C74E3CA63E}.Debug|Any CPU.ActiveCfg = Debug|Any CPU
		{237EFEE2-57C8-474D-BDAC-80C74E3CA63E}.Debug|Any CPU.Build.0 = Debug|Any CPU
		{237EFEE2-57C8-474D-BDAC-80C74E3CA63E}.Release|Any CPU.ActiveCfg = Release|Any CPU
		{237EFEE2-57C8-474D-BDAC-80C74E3CA63E}.Release|Any CPU.Build.0 = Release|Any CPU
		{3F8E4DDD-4A19-49F7-8A2A-925142343A9B}.Debug|Any CPU.ActiveCfg = Debug|Any CPU
		{3F8E4DDD-4A19-49F7-8A2A-925142343A9B}.Debug|Any CPU.Build.0 = Debug|Any CPU
		{3F8E4DDD-4A19-49F7-8A2A-925142343A9B}.Release|Any CPU.ActiveCfg = Release|Any CPU
		{3F8E4DDD-4A19-49F7-8A2A-925142343A9B}.Release|Any CPU.Build.0 = Release|Any CPU
	EndGlobalSection
	GlobalSection(SolutionProperties) = preSolution
		HideSolutionNode = FALSE
	EndGlobalSection
	GlobalSection(NestedProjects) = preSolution
		{A391901D-5AAF-44BE-AA19-27C1B39BBBFD} = {5821057F-79E4-45EE-8416-2790BAEC4332}
		{BDD8B8D3-6567-42B9-848B-5F51C8A0EBBE} = {D37B5EB8-6D10-4572-B89C-F1C9B19688EC}
		{F5A3574D-06BB-480F-A67C-D4F5D25FA5B2} = {4DE6B476-8FF4-4DDE-B267-B4CA2A432982}
		{9A4D4821-CE2A-4B79-87B4-D188F4397F59} = {4DE6B476-8FF4-4DDE-B267-B4CA2A432982}
		{93E5DA31-1325-448E-9AF0-A591A09765DC} = {F5A3574D-06BB-480F-A67C-D4F5D25FA5B2}
		{C0AC3967-DBE3-4618-9609-F940EC91F682} = {9A4D4821-CE2A-4B79-87B4-D188F4397F59}
		{DDB262FB-0E69-4C0B-A6C6-C03F952D3914} = {9A4D4821-CE2A-4B79-87B4-D188F4397F59}
		{D2294867-E3BE-4111-A934-3BB4B9099553} = {9A4D4821-CE2A-4B79-87B4-D188F4397F59}
		{DAC4B630-9BD7-4E8E-BB70-EAB384297AF6} = {9A4D4821-CE2A-4B79-87B4-D188F4397F59}
		{89490AA0-A1E4-4A29-8F2C-49213980024F} = {64ADFEB0-6E98-4ED5-A4F7-272DB3497C88}
		{D7380820-2B27-4521-8F4E-2284F305C0B4} = {64ADFEB0-6E98-4ED5-A4F7-272DB3497C88}
		{F01DB7EF-52AB-4AEA-A76A-7AD068EB548D} = {64ADFEB0-6E98-4ED5-A4F7-272DB3497C88}
		{0F527ADA-8646-47B1-8F00-9604F0C3E881} = {64ADFEB0-6E98-4ED5-A4F7-272DB3497C88}
		{CEA2C865-EE9B-4BD1-9F8E-690E7EE38B6F} = {B44F6C81-6713-4A8D-8836-4806C25539E2}
		{ABF6F98A-B9B7-4FEF-A286-75A027482A2E} = {9149C937-C78D-4D67-B8C9-0BE69D8ABD0F}
		{237EFEE2-57C8-474D-BDAC-80C74E3CA63E} = {220AC19C-7208-4BA6-A03C-190507DDC5EC}
		{3F8E4DDD-4A19-49F7-8A2A-925142343A9B} = {6EA2C2E1-B727-470D-B351-6EE343AB65F6}
	EndGlobalSection
	GlobalSection(ExtensibilityGlobals) = postSolution
		SolutionGuid = {E442A7B4-E887-40FA-858E-0EFA10D326E8}
	EndGlobalSection
EndGlobal
